
Microsoft Visual Studio Solution File, Format Version 12.00
# Visual Studio Version 16
VisualStudioVersion = 16.0.30204.135
MinimumVisualStudioVersion = 10.0.40219.1
Project("{FAE04EC0-301F-11D3-BF4B-00C04F79EFBC}") = "GymApplication", "GymApplication\GymApplication.csproj", "{C8C7D6F8-52A9-4769-B972-8698FE3530F0}"
EndProject
Global
	GlobalSection(SolutionConfigurationPlatforms) = preSolution
		Debug|Any CPU = Debug|Any CPU
		Release|Any CPU = Release|Any CPU
	EndGlobalSection
	GlobalSection(ProjectConfigurationPlatforms) = postSolution
		{C8C7D6F8-52A9-4769-B972-8698FE3530F0}.Debug|Any CPU.ActiveCfg = Debug|Any CPU
		{C8C7D6F8-52A9-4769-B972-8698FE3530F0}.Debug|Any CPU.Build.0 = Debug|Any CPU
		{C8C7D6F8-52A9-4769-B972-8698FE3530F0}.Release|Any CPU.ActiveCfg = Release|Any CPU
		{C8C7D6F8-52A9-4769-B972-8698FE3530F0}.Release|Any CPU.Build.0 = Release|Any CPU
	EndGlobalSection
	GlobalSection(SolutionProperties) = preSolution
		HideSolutionNode = FALSE
	EndGlobalSection
	GlobalSection(ExtensibilityGlobals) = postSolution
		SolutionGuid = {9EB77181-FF50-4D39-85D9-03555DAE7ACF}
	EndGlobalSection
EndGlobal
